
Microsoft Visual Studio Solution File, Format Version 12.00
# Visual Studio Version 16
VisualStudioVersion = 16.0.34031.81
MinimumVisualStudioVersion = 10.0.40219.1
Project("{888888A0-9F3D-457C-B088-3A5042F75D52}") = "assesment_1", "assesment_1\assesment_1.pyproj", "{51E353CF-FFC4-4EDE-A91A-A70B3E93B36B}"
EndProject
Global
	GlobalSection(SolutionConfigurationPlatforms) = preSolution
		Debug|Any CPU = Debug|Any CPU
		Release|Any CPU = Release|Any CPU
	EndGlobalSection
	GlobalSection(ProjectConfigurationPlatforms) = postSolution
		{51E353CF-FFC4-4EDE-A91A-A70B3E93B36B}.Debug|Any CPU.ActiveCfg = Debug|Any CPU
		{51E353CF-FFC4-4EDE-A91A-A70B3E93B36B}.Release|Any CPU.ActiveCfg = Release|Any CPU
	EndGlobalSection
	GlobalSection(SolutionProperties) = preSolution
		HideSolutionNode = FALSE
	EndGlobalSection
	GlobalSection(ExtensibilityGlobals) = postSolution
		SolutionGuid = {AD508508-FB00-44EC-B996-5A51486192C3}
	EndGlobalSection
EndGlobal
